// !$*UTF8*$!
{
	archiveVersion = 1;
	classes = {
	};
	objectVersion = 48;
	objects = {

/* Begin PBXBuildFile section */
		19C44857203DE0BA002293EF /* AppDelegate.swift in Sources */ = {isa = PBXBuildFile; fileRef = 19C44856203DE0BA002293EF /* AppDelegate.swift */; };
		19C44859203DE0BA002293EF /* ViewController.swift in Sources */ = {isa = PBXBuildFile; fileRef = 19C44858203DE0BA002293EF /* ViewController.swift */; };
		19C4485C203DE0BA002293EF /* Main.storyboard in Resources */ = {isa = PBXBuildFile; fileRef = 19C4485A203DE0BA002293EF /* Main.storyboard */; };
		19C4485F203DE0BA002293EF /* MakeANote.xcdatamodeld in Sources */ = {isa = PBXBuildFile; fileRef = 19C4485D203DE0BA002293EF /* MakeANote.xcdatamodeld */; };
		19C44861203DE0BA002293EF /* Assets.xcassets in Resources */ = {isa = PBXBuildFile; fileRef = 19C44860203DE0BA002293EF /* Assets.xcassets */; };
		19C44864203DE0BA002293EF /* LaunchScreen.storyboard in Resources */ = {isa = PBXBuildFile; fileRef = 19C44862203DE0BA002293EF /* LaunchScreen.storyboard */; };
		19C4486E203E1575002293EF /* TableTableViewController.swift in Sources */ = {isa = PBXBuildFile; fileRef = 19C4486D203E1575002293EF /* TableTableViewController.swift */; };
		19C44894203E4B50002293EF /* TableViewCell.swift in Sources */ = {isa = PBXBuildFile; fileRef = 19C44893203E4B50002293EF /* TableViewCell.swift */; };
/* End PBXBuildFile section */

/* Begin PBXFileReference section */
		19C44853203DE0BA002293EF /* MakeANote.app */ = {isa = PBXFileReference; explicitFileType = wrapper.application; includeInIndex = 0; path = MakeANote.app; sourceTree = BUILT_PRODUCTS_DIR; };
		19C44856203DE0BA002293EF /* AppDelegate.swift */ = {isa = PBXFileReference; lastKnownFileType = sourcecode.swift; path = AppDelegate.swift; sourceTree = "<group>"; };
		19C44858203DE0BA002293EF /* ViewController.swift */ = {isa = PBXFileReference; lastKnownFileType = sourcecode.swift; path = ViewController.swift; sourceTree = "<group>"; };
		19C4485B203DE0BA002293EF /* Base */ = {isa = PBXFileReference; lastKnownFileType = file.storyboard; name = Base; path = Base.lproj/Main.storyboard; sourceTree = "<group>"; };
		19C4485E203DE0BA002293EF /* MakeANote.xcdatamodel */ = {isa = PBXFileReference; lastKnownFileType = wrapper.xcdatamodel; path = MakeANote.xcdatamodel; sourceTree = "<group>"; };
		19C44860203DE0BA002293EF /* Assets.xcassets */ = {isa = PBXFileReference; lastKnownFileType = folder.assetcatalog; path = Assets.xcassets; sourceTree = "<group>"; };
		19C44863203DE0BA002293EF /* Base */ = {isa = PBXFileReference; lastKnownFileType = file.storyboard; name = Base; path = Base.lproj/LaunchScreen.storyboard; sourceTree = "<group>"; };
		19C44865203DE0BA002293EF /* Info.plist */ = {isa = PBXFileReference; lastKnownFileType = text.plist.xml; path = Info.plist; sourceTree = "<group>"; };
		19C4486D203E1575002293EF /* TableTableViewController.swift */ = {isa = PBXFileReference; lastKnownFileType = sourcecode.swift; path = TableTableViewController.swift; sourceTree = "<group>"; };
		19C44893203E4B50002293EF /* TableViewCell.swift */ = {isa = PBXFileReference; lastKnownFileType = sourcecode.swift; path = TableViewCell.swift; sourceTree = "<group>"; };
/* End PBXFileReference section */

/* Begin PBXFrameworksBuildPhase section */
		19C44850203DE0BA002293EF /* Frameworks */ = {
			isa = PBXFrameworksBuildPhase;
			buildActionMask = 2147483647;
			files = (
			);
			runOnlyForDeploymentPostprocessing = 0;
		};
/* End PBXFrameworksBuildPhase section */

/* Begin PBXGroup section */
		19C4484A203DE0BA002293EF = {
			isa = PBXGroup;
			children = (
				19C44855203DE0BA002293EF /* MakeANote */,
				19C44854203DE0BA002293EF /* Products */,
			);
			sourceTree = "<group>";
		};
		19C44854203DE0BA002293EF /* Products */ = {
			isa = PBXGroup;
			children = (
				19C44853203DE0BA002293EF /* MakeANote.app */,
			);
			name = Products;
			sourceTree = "<group>";
		};
		19C44855203DE0BA002293EF /* MakeANote */ = {
			isa = PBXGroup;
			children = (
				19C44856203DE0BA002293EF /* AppDelegate.swift */,
				19C44858203DE0BA002293EF /* ViewController.swift */,
				19C4485A203DE0BA002293EF /* Main.storyboard */,
				19C44860203DE0BA002293EF /* Assets.xcassets */,
				19C44862203DE0BA002293EF /* LaunchScreen.storyboard */,
				19C44865203DE0BA002293EF /* Info.plist */,
				19C4485D203DE0BA002293EF /* MakeANote.xcdatamodeld */,
				19C4486D203E1575002293EF /* TableTableViewController.swift */,
				19C44893203E4B50002293EF /* TableViewCell.swift */,
			);
			path = MakeANote;
			sourceTree = "<group>";
		};
/* End PBXGroup section */

/* Begin PBXNativeTarget section */
		19C44852203DE0BA002293EF /* MakeANote */ = {
			isa = PBXNativeTarget;
			buildConfigurationList = 19C44868203DE0BA002293EF /* Build configuration list for PBXNativeTarget "MakeANote" */;
			buildPhases = (
				19C4484F203DE0BA002293EF /* Sources */,
				19C44850203DE0BA002293EF /* Frameworks */,
				19C44851203DE0BA002293EF /* Resources */,
			);
			buildRules = (
			);
			dependencies = (
			);
			name = MakeANote;
			productName = MakeANote;
			productReference = 19C44853203DE0BA002293EF /* MakeANote.app */;
			productType = "com.apple.product-type.application";
		};
/* End PBXNativeTarget section */

/* Begin PBXProject section */
		19C4484B203DE0BA002293EF /* Project object */ = {
			isa = PBXProject;
			attributes = {
				LastSwiftUpdateCheck = 0920;
				LastUpgradeCheck = 0920;
				ORGANIZATIONNAME = baitinti;
				TargetAttributes = {
					19C44852203DE0BA002293EF = {
						CreatedOnToolsVersion = 9.2;
						ProvisioningStyle = Automatic;
					};
				};
			};
			buildConfigurationList = 19C4484E203DE0BA002293EF /* Build configuration list for PBXProject "MakeANote" */;
			compatibilityVersion = "Xcode 8.0";
			developmentRegion = en;
			hasScannedForEncodings = 0;
			knownRegions = (
				en,
				Base,
			);
			mainGroup = 19C4484A203DE0BA002293EF;
			productRefGroup = 19C44854203DE0BA002293EF /* Products */;
			projectDirPath = "";
			projectRoot = "";
			targets = (
				19C44852203DE0BA002293EF /* MakeANote */,
			);
		};
/* End PBXProject section */

/* Begin PBXResourcesBuildPhase section */
		19C44851203DE0BA002293EF /* Resources */ = {
			isa = PBXResourcesBuildPhase;
			buildActionMask = 2147483647;
			files = (
				19C44864203DE0BA002293EF /* LaunchScreen.storyboard in Resources */,
				19C44861203DE0BA002293EF /* Assets.xcassets in Resources */,
				19C4485C203DE0BA002293EF /* Main.storyboard in Resources */,
			);
			runOnlyForDeploymentPostprocessing = 0;
		};
/* End PBXResourcesBuildPhase section */

/* Begin PBXSourcesBuildPhase section */
		19C4484F203DE0BA002293EF /* Sources */ = {
			isa = PBXSourcesBuildPhase;
			buildActionMask = 2147483647;
			files = (
				19C44894203E4B50002293EF /* TableViewCell.swift in Sources */,
				19C4486E203E1575002293EF /* TableTableViewController.swift in Sources */,
				19C44859203DE0BA002293EF /* ViewController.swift in Sources */,
				19C44857203DE0BA002293EF /* AppDelegate.swift in Sources */,
				19C4485F203DE0BA002293EF /* MakeANote.xcdatamodeld in Sources */,
			);
			runOnlyForDeploymentPostprocessing = 0;
		};
/* End PBXSourcesBuildPhase section */

/* Begin PBXVariantGroup section */
		19C4485A203DE0BA002293EF /* Main.storyboard */ = {
			isa = PBXVariantGroup;
			children = (
				19C4485B203DE0BA002293EF /* Base */,
			);
			name = Main.storyboard;
			sourceTree = "<group>";
		};
		19C44862203DE0BA002293EF /* LaunchScreen.storyboard */ = {
			isa = PBXVariantGroup;
			children = (
				19C44863203DE0BA002293EF /* Base */,
			);
			name = LaunchScreen.storyboard;
			sourceTree = "<group>";
		};
/* End PBXVariantGroup section */

/* Begin XCBuildConfiguration section */
		19C44866203DE0BA002293EF /* Debug */ = {
			isa = XCBuildConfiguration;
			buildSettings = {
				ALWAYS_SEARCH_USER_PATHS = NO;
				CLANG_ANALYZER_NONNULL = YES;
				CLANG_ANALYZER_NUMBER_OBJECT_CONVERSION = YES_AGGRESSIVE;
				CLANG_CXX_LANGUAGE_STANDARD = "gnu++14";
				CLANG_CXX_LIBRARY = "libc++";
				CLANG_ENABLE_MODULES = YES;
				CLANG_ENABLE_OBJC_ARC = YES;
				CLANG_WARN_BLOCK_CAPTURE_AUTORELEASING = YES;
				CLANG_WARN_BOOL_CONVERSION = YES;
				CLANG_WARN_COMMA = YES;
				CLANG_WARN_CONSTANT_CONVERSION = YES;
				CLANG_WARN_DIRECT_OBJC_ISA_USAGE = YES_ERROR;
				CLANG_WARN_DOCUMENTATION_COMMENTS = YES;
				CLANG_WARN_EMPTY_BODY = YES;
				CLANG_WARN_ENUM_CONVERSION = YES;
				CLANG_WARN_INFINITE_RECURSION = YES;
				CLANG_WARN_INT_CONVERSION = YES;
				CLANG_WARN_NON_LITERAL_NULL_CONVERSION = YES;
				CLANG_WARN_OBJC_LITERAL_CONVERSION = YES;
				CLANG_WARN_OBJC_ROOT_CLASS = YES_ERROR;
				CLANG_WARN_RANGE_LOOP_ANALYSIS = YES;
				CLANG_WARN_STRICT_PROTOTYPES = YES;
				CLANG_WARN_SUSPICIOUS_MOVE = YES;
				CLANG_WARN_UNGUARDED_AVAILABILITY = YES_AGGRESSIVE;
				CLANG_WARN_UNREACHABLE_CODE = YES;
				CLANG_WARN__DUPLICATE_METHOD_MATCH = YES;
				CODE_SIGN_IDENTITY = "iPhone Developer";
				COPY_PHASE_STRIP = NO;
				DEBUG_INFORMATION_FORMAT = dwarf;
				ENABLE_STRICT_OBJC_MSGSEND = YES;
				ENABLE_TESTABILITY = YES;
				GCC_C_LANGUAGE_STANDARD = gnu11;
				GCC_DYNAMIC_NO_PIC = NO;
				GCC_NO_COMMON_BLOCKS = YES;
				GCC_OPTIMIZATION_LEVEL = 0;
				GCC_PREPROCESSOR_DEFINITIONS = (
					"DEBUG=1",
					"$(inherited)",
				);
				GCC_WARN_64_TO_32_BIT_CONVERSION = YES;
				GCC_WARN_ABOUT_RETURN_TYPE = YES_ERROR;
				GCC_WARN_UNDECLARED_SELECTOR = YES;
				GCC_WARN_UNINITIALIZED_AUTOS = YES_AGGRESSIVE;
				GCC_WARN_UNUSED_FUNCTION = YES;
				GCC_WARN_UNUSED_VARIABLE = YES;
				IPHONEOS_DEPLOYMENT_TARGET = 11.2;
				MTL_ENABLE_DEBUG_INFO = YES;
				ONLY_ACTIVE_ARCH = YES;
				SDKROOT = iphoneos;
				SWIFT_ACTIVE_COMPILATION_CONDITIONS = DEBUG;
				SWIFT_OPTIMIZATION_LEVEL = "-Onone";
			};
			name = Debug;
		};
		19C44867203DE0BA002293EF /* Release */ = {
			isa = XCBuildConfiguration;
			buildSettings = {
				ALWAYS_SEARCH_USER_PATHS = NO;
				CLANG_ANALYZER_NONNULL = YES;
				CLANG_ANALYZER_NUMBER_OBJECT_CONVERSION = YES_AGGRESSIVE;
				CLANG_CXX_LANGUAGE_STANDARD = "gnu++14";
				CLANG_CXX_LIBRARY = "libc++";
				CLANG_ENABLE_MODULES = YES;
				CLANG_ENABLE_OBJC_ARC = YES;
				CLANG_WARN_BLOCK_CAPTURE_AUTORELEASING = YES;
				CLANG_WARN_BOOL_CONVERSION = YES;
				CLANG_WARN_COMMA = YES;
				CLANG_WARN_CONSTANT_CONVERSION = YES;
				CLANG_WARN_DIRECT_OBJC_ISA_USAGE = YES_ERROR;
				CLANG_WARN_DOCUMENTATION_COMMENTS = YES;
				CLANG_WARN_EMPTY_BODY = YES;
				CLANG_WARN_ENUM_CONVERSION = YES;
				CLANG_WARN_INFINITE_RECURSION = YES;
				CLANG_WARN_INT_CONVERSION = YES;
				CLANG_WARN_NON_LITERAL_NULL_CONVERSION = YES;
				CLANG_WARN_OBJC_LITERAL_CONVERSION = YES;
				CLANG_WARN_OBJC_ROOT_CLASS = YES_ERROR;
				CLANG_WARN_RANGE_LOOP_ANALYSIS = YES;
				CLANG_WARN_STRICT_PROTOTYPES = YES;
				CLANG_WARN_SUSPICIOUS_MOVE = YES;
				CLANG_WARN_UNGUARDED_AVAILABILITY = YES_AGGRESSIVE;
				CLANG_WARN_UNREACHABLE_CODE = YES;
				CLANG_WARN__DUPLICATE_METHOD_MATCH = YES;
				CODE_SIGN_IDENTITY = "iPhone Developer";
				COPY_PHASE_STRIP = NO;
				DEBUG_INFORMATION_FORMAT = "dwarf-with-dsym";
				ENABLE_NS_ASSERTIONS = NO;
				ENABLE_STRICT_OBJC_MSGSEND = YES;
				GCC_C_LANGUAGE_STANDARD = gnu11;
				GCC_NO_COMMON_BLOCKS = YES;
				GCC_WARN_64_TO_32_BIT_CONVERSION = YES;
				GCC_WARN_ABOUT_RETURN_TYPE = YES_ERROR;
				GCC_WARN_UNDECLARED_SELECTOR = YES;
				GCC_WARN_UNINITIALIZED_AUTOS = YES_AGGRESSIVE;
				GCC_WARN_UNUSED_FUNCTION = YES;
				GCC_WARN_UNUSED_VARIABLE = YES;
				IPHONEOS_DEPLOYMENT_TARGET = 11.2;
				MTL_ENABLE_DEBUG_INFO = NO;
				SDKROOT = iphoneos;
				SWIFT_OPTIMIZATION_LEVEL = "-Owholemodule";
				VALIDATE_PRODUCT = YES;
			};
			name = Release;
		};
		19C44869203DE0BA002293EF /* Debug */ = {
			isa = XCBuildConfiguration;
			buildSettings = {
				ASSETCATALOG_COMPILER_APPICON_NAME = AppIcon;
				CODE_SIGN_STYLE = Automatic;
				INFOPLIST_FILE = MakeANote/Info.plist;
				LD_RUNPATH_SEARCH_PATHS = "$(inherited) @executable_path/Frameworks";
				PRODUCT_BUNDLE_IDENTIFIER = com.Baitinti.MakeANote;
				PRODUCT_NAME = "$(TARGET_NAME)";
				SWIFT_VERSION = 4.0;
				TARGETED_DEVICE_FAMILY = "1,2";
			};
			name = Debug;
		};
		19C4486A203DE0BA002293EF /* Release */ = {
			isa = XCBuildConfiguration;
			buildSettings = {
				ASSETCATALOG_COMPILER_APPICON_NAME = AppIcon;
				CODE_SIGN_STYLE = Automatic;
				INFOPLIST_FILE = MakeANote/Info.plist;
				LD_RUNPATH_SEARCH_PATHS = "$(inherited) @executable_path/Frameworks";
				PRODUCT_BUNDLE_IDENTIFIER = com.Baitinti.MakeANote;
				PRODUCT_NAME = "$(TARGET_NAME)";
				SWIFT_VERSION = 4.0;
				TARGETED_DEVICE_FAMILY = "1,2";
			};
			name = Release;
		};
/* End XCBuildConfiguration section */

/* Begin XCConfigurationList section */
		19C4484E203DE0BA002293EF /* Build configuration list for PBXProject "MakeANote" */ = {
			isa = XCConfigurationList;
			buildConfigurations = (
				19C44866203DE0BA002293EF /* Debug */,
				19C44867203DE0BA002293EF /* Release */,
			);
			defaultConfigurationIsVisible = 0;
			defaultConfigurationName = Release;
		};
		19C44868203DE0BA002293EF /* Build configuration list for PBXNativeTarget "MakeANote" */ = {
			isa = XCConfigurationList;
			buildConfigurations = (
				19C44869203DE0BA002293EF /* Debug */,
				19C4486A203DE0BA002293EF /* Release */,
			);
			defaultConfigurationIsVisible = 0;
			defaultConfigurationName = Release;
		};
/* End XCConfigurationList section */

/* Begin XCVersionGroup section */
		19C4485D203DE0BA002293EF /* MakeANote.xcdatamodeld */ = {
			isa = XCVersionGroup;
			children = (
				19C4485E203DE0BA002293EF /* MakeANote.xcdatamodel */,
			);
			currentVersion = 19C4485E203DE0BA002293EF /* MakeANote.xcdatamodel */;
			path = MakeANote.xcdatamodeld;
			sourceTree = "<group>";
			versionGroupType = wrapper.xcdatamodel;
		};
/* End XCVersionGroup section */
	};
	rootObject = 19C4484B203DE0BA002293EF /* Project object */;
}
